Microsoft Visual Studio Solution File, Format Version 12.00
# Visual Studio 2012
Project("{F184B08F-C81C-45F6-A57F-5ABD9991F28F}") = "RunningSumm", "RunningSumm.vbproj", "{AF6E8954-2B1F-4B22-AC39-D349ADA36B9D}"
EndProject
Global
	GlobalSection(SolutionConfigurationPlatforms) = preSolution
		Debug|Any CPU = Debug|Any CPU
		Release|Any CPU = Release|Any CPU
	EndGlobalSection
	GlobalSection(ProjectConfigurationPlatforms) = postSolution
		{AF6E8954-2B1F-4B22-AC39-D349ADA36B9D}.Debug|Any CPU.ActiveCfg = Debug|Any CPU
		{AF6E8954-2B1F-4B22-AC39-D349ADA36B9D}.Debug|Any CPU.Build.0 = Debug|Any CPU
		{AF6E8954-2B1F-4B22-AC39-D349ADA36B9D}.Release|Any CPU.ActiveCfg = Release|Any CPU
		{AF6E8954-2B1F-4B22-AC39-D349ADA36B9D}.Release|Any CPU.Build.0 = Release|Any CPU
	EndGlobalSection
	GlobalSection(SolutionProperties) = preSolution
		HideSolutionNode = FALSE
	EndGlobalSection
EndGlobal
